
Microsoft Visual Studio Solution File, Format Version 12.00
# Visual Studio Version 17
VisualStudioVersion = 17.13.35828.75 d17.13
MinimumVisualStudioVersion = 10.0.40219.1
Project("{FAE04EC0-301F-11D3-BF4B-00C04F79EFBC}") = "Day7Connection", "Day7Connection\Day7Connection.csproj", "{07355069-AB5C-4A7A-B92F-F472C4F5B82C}"
EndProject
Global
	GlobalSection(SolutionConfigurationPlatforms) = preSolution
		Debug|Any CPU = Debug|Any CPU
		Release|Any CPU = Release|Any CPU
	EndGlobalSection
	GlobalSection(ProjectConfigurationPlatforms) = postSolution
		{07355069-AB5C-4A7A-B92F-F472C4F5B82C}.Debug|Any CPU.ActiveCfg = Debug|Any CPU
		{07355069-AB5C-4A7A-B92F-F472C4F5B82C}.Debug|Any CPU.Build.0 = Debug|Any CPU
		{07355069-AB5C-4A7A-B92F-F472C4F5B82C}.Release|Any CPU.ActiveCfg = Release|Any CPU
		{07355069-AB5C-4A7A-B92F-F472C4F5B82C}.Release|Any CPU.Build.0 = Release|Any CPU
	EndGlobalSection
	GlobalSection(SolutionProperties) = preSolution
		HideSolutionNode = FALSE
	EndGlobalSection
	GlobalSection(ExtensibilityGlobals) = postSolution
		SolutionGuid = {BF3B14A5-A1AA-492B-A5B3-EFD2FFD68F45}
	EndGlobalSection
EndGlobal
