
Microsoft Visual Studio Solution File, Format Version 12.00
# Visual Studio Version 17
VisualStudioVersion = 17.13.35828.75 d17.13
MinimumVisualStudioVersion = 10.0.40219.1
Project("{FAE04EC0-301F-11D3-BF4B-00C04F79EFBC}") = "Day6Assgn", "Day6Assgn\Day6Assgn.csproj", "{5EF6F380-7BC1-4BCE-BC47-9F8FBF4AEB4B}"
EndProject
Global
	GlobalSection(SolutionConfigurationPlatforms) = preSolution
		Debug|Any CPU = Debug|Any CPU
		Release|Any CPU = Release|Any CPU
	EndGlobalSection
	GlobalSection(ProjectConfigurationPlatforms) = postSolution
		{5EF6F380-7BC1-4BCE-BC47-9F8FBF4AEB4B}.Debug|Any CPU.ActiveCfg = Debug|Any CPU
		{5EF6F380-7BC1-4BCE-BC47-9F8FBF4AEB4B}.Debug|Any CPU.Build.0 = Debug|Any CPU
		{5EF6F380-7BC1-4BCE-BC47-9F8FBF4AEB4B}.Release|Any CPU.ActiveCfg = Release|Any CPU
		{5EF6F380-7BC1-4BCE-BC47-9F8FBF4AEB4B}.Release|Any CPU.Build.0 = Release|Any CPU
	EndGlobalSection
	GlobalSection(SolutionProperties) = preSolution
		HideSolutionNode = FALSE
	EndGlobalSection
	GlobalSection(ExtensibilityGlobals) = postSolution
		SolutionGuid = {BC8EEDF7-CA87-4414-9D3F-5E8E39348793}
	EndGlobalSection
EndGlobal
